
Microsoft Visual Studio Solution File, Format Version 12.00
# Visual Studio Version 17
VisualStudioVersion = 17.5.33516.290
MinimumVisualStudioVersion = 10.0.40219.1
Project("{9A19103F-16F7-4668-BE54-9A1E7A4F7556}") = "backend_project", "backend_project\backend_project.csproj", "{E06E5C2E-CEE5-4842-BD65-B7E2B74E6709}"
EndProject
Project("{E53339B2-1760-4266-BCC7-CA923CBCF16C}") = "docker-compose", "docker-compose.dcproj", "{BEC2CC22-721B-4FE4-880C-0726044E4C2B}"
EndProject
Global
	GlobalSection(SolutionConfigurationPlatforms) = preSolution
		Debug|Any CPU = Debug|Any CPU
		Release|Any CPU = Release|Any CPU
	EndGlobalSection
	GlobalSection(ProjectConfigurationPlatforms) = postSolution
		{E06E5C2E-CEE5-4842-BD65-B7E2B74E6709}.Debug|Any CPU.ActiveCfg = Debug|Any CPU
		{E06E5C2E-CEE5-4842-BD65-B7E2B74E6709}.Debug|Any CPU.Build.0 = Debug|Any CPU
		{E06E5C2E-CEE5-4842-BD65-B7E2B74E6709}.Release|Any CPU.ActiveCfg = Release|Any CPU
		{E06E5C2E-CEE5-4842-BD65-B7E2B74E6709}.Release|Any CPU.Build.0 = Release|Any CPU
		{BEC2CC22-721B-4FE4-880C-0726044E4C2B}.Debug|Any CPU.ActiveCfg = Debug|Any CPU
		{BEC2CC22-721B-4FE4-880C-0726044E4C2B}.Debug|Any CPU.Build.0 = Debug|Any CPU
		{BEC2CC22-721B-4FE4-880C-0726044E4C2B}.Release|Any CPU.ActiveCfg = Release|Any CPU
		{BEC2CC22-721B-4FE4-880C-0726044E4C2B}.Release|Any CPU.Build.0 = Release|Any CPU
	EndGlobalSection
	GlobalSection(SolutionProperties) = preSolution
		HideSolutionNode = FALSE
	EndGlobalSection
	GlobalSection(ExtensibilityGlobals) = postSolution
		SolutionGuid = {7CA494B2-AC4D-4F4E-8918-C77690A376DA}
	EndGlobalSection
EndGlobal
